// !$*UTF8*$!
{
	archiveVersion = 1;
	classes = {
	};
	objectVersion = 50;
	objects = {

/* Begin PBXBuildFile section */
		48C3581921FFADB300609661 /* AppDelegate.swift in Sources */ = {isa = PBXBuildFile; fileRef = 48C3581821FFADB300609661 /* AppDelegate.swift */; };
		48C3581B21FFADB300609661 /* EditViewController.swift in Sources */ = {isa = PBXBuildFile; fileRef = 48C3581A21FFADB300609661 /* EditViewController.swift */; };
		48C3581E21FFADB300609661 /* Main.storyboard in Resources */ = {isa = PBXBuildFile; fileRef = 48C3581C21FFADB300609661 /* Main.storyboard */; };
		48C3582021FFADB400609661 /* Assets.xcassets in Resources */ = {isa = PBXBuildFile; fileRef = 48C3581F21FFADB400609661 /* Assets.xcassets */; };
		48C3582321FFADB400609661 /* LaunchScreen.storyboard in Resources */ = {isa = PBXBuildFile; fileRef = 48C3582121FFADB400609661 /* LaunchScreen.storyboard */; };
		48C3582E21FFADB400609661 /* lab4Tests.swift in Sources */ = {isa = PBXBuildFile; fileRef = 48C3582D21FFADB400609661 /* lab4Tests.swift */; };
		48C3583921FFADB400609661 /* lab4UITests.swift in Sources */ = {isa = PBXBuildFile; fileRef = 48C3583821FFADB400609661 /* lab4UITests.swift */; };
		48C3584721FFB10C00609661 /* Contact.swift in Sources */ = {isa = PBXBuildFile; fileRef = 48C3584621FFB10C00609661 /* Contact.swift */; };
		48C3584921FFB72C00609661 /* CustomTVCell.swift in Sources */ = {isa = PBXBuildFile; fileRef = 48C3584821FFB72C00609661 /* CustomTVCell.swift */; };
		48C3585721FFC61D00609661 /* TableViewController.swift in Sources */ = {isa = PBXBuildFile; fileRef = 48C3585621FFC61D00609661 /* TableViewController.swift */; };
		48DB2B95220A3C95001016F1 /* MainViewController.swift in Sources */ = {isa = PBXBuildFile; fileRef = 48DB2B94220A3C95001016F1 /* MainViewController.swift */; };
		48DB2B97220A4514001016F1 /* AddContactViewController.swift in Sources */ = {isa = PBXBuildFile; fileRef = 48DB2B96220A4514001016F1 /* AddContactViewController.swift */; };
		48DB2B99220A9E19001016F1 /* EditContactViewController.swift in Sources */ = {isa = PBXBuildFile; fileRef = 48DB2B98220A9E19001016F1 /* EditContactViewController.swift */; };
/* End PBXBuildFile section */

/* Begin PBXContainerItemProxy section */
		48C3582A21FFADB400609661 /* PBXContainerItemProxy */ = {
			isa = PBXContainerItemProxy;
			containerPortal = 48C3580D21FFADB300609661 /* Project object */;
			proxyType = 1;
			remoteGlobalIDString = 48C3581421FFADB300609661;
			remoteInfo = lab4;
		};
		48C3583521FFADB400609661 /* PBXContainerItemProxy */ = {
			isa = PBXContainerItemProxy;
			containerPortal = 48C3580D21FFADB300609661 /* Project object */;
			proxyType = 1;
			remoteGlobalIDString = 48C3581421FFADB300609661;
			remoteInfo = lab4;
		};
/* End PBXContainerItemProxy section */

/* Begin PBXFileReference section */
		48C3581521FFADB300609661 /* lab4.app */ = {isa = PBXFileReference; explicitFileType = wrapper.application; includeInIndex = 0; path = lab4.app; sourceTree = BUILT_PRODUCTS_DIR; };
		48C3581821FFADB300609661 /* AppDelegate.swift */ = {isa = PBXFileReference; lastKnownFileType = sourcecode.swift; path = AppDelegate.swift; sourceTree = "<group>"; };
		48C3581A21FFADB300609661 /* EditViewController.swift */ = {isa = PBXFileReference; lastKnownFileType = sourcecode.swift; path = EditViewController.swift; sourceTree = "<group>"; };
		48C3581D21FFADB300609661 /* Base */ = {isa = PBXFileReference; lastKnownFileType = file.storyboard; name = Base; path = Base.lproj/Main.storyboard; sourceTree = "<group>"; };
		48C3581F21FFADB400609661 /* Assets.xcassets */ = {isa = PBXFileReference; lastKnownFileType = folder.assetcatalog; path = Assets.xcassets; sourceTree = "<group>"; };
		48C3582221FFADB400609661 /* Base */ = {isa = PBXFileReference; lastKnownFileType = file.storyboard; name = Base; path = Base.lproj/LaunchScreen.storyboard; sourceTree = "<group>"; };
		48C3582421FFADB400609661 /* Info.plist */ = {isa = PBXFileReference; lastKnownFileType = text.plist.xml; path = Info.plist; sourceTree = "<group>"; };
		48C3582921FFADB400609661 /* lab4Tests.xctest */ = {isa = PBXFileReference; explicitFileType = wrapper.cfbundle; includeInIndex = 0; path = lab4Tests.xctest; sourceTree = BUILT_PRODUCTS_DIR; };
		48C3582D21FFADB400609661 /* lab4Tests.swift */ = {isa = PBXFileReference; lastKnownFileType = sourcecode.swift; path = lab4Tests.swift; sourceTree = "<group>"; };
		48C3582F21FFADB400609661 /* Info.plist */ = {isa = PBXFileReference; lastKnownFileType = text.plist.xml; path = Info.plist; sourceTree = "<group>"; };
		48C3583421FFADB400609661 /* lab4UITests.xctest */ = {isa = PBXFileReference; explicitFileType = wrapper.cfbundle; includeInIndex = 0; path = lab4UITests.xctest; sourceTree = BUILT_PRODUCTS_DIR; };
		48C3583821FFADB400609661 /* lab4UITests.swift */ = {isa = PBXFileReference; lastKnownFileType = sourcecode.swift; path = lab4UITests.swift; sourceTree = "<group>"; };
		48C3583A21FFADB400609661 /* Info.plist */ = {isa = PBXFileReference; lastKnownFileType = text.plist.xml; path = Info.plist; sourceTree = "<group>"; };
		48C3584621FFB10C00609661 /* Contact.swift */ = {isa = PBXFileReference; lastKnownFileType = sourcecode.swift; path = Contact.swift; sourceTree = "<group>"; };
		48C3584821FFB72C00609661 /* CustomTVCell.swift */ = {isa = PBXFileReference; lastKnownFileType = sourcecode.swift; path = CustomTVCell.swift; sourceTree = "<group>"; };
		48C3585621FFC61D00609661 /* TableViewController.swift */ = {isa = PBXFileReference; lastKnownFileType = sourcecode.swift; path = TableViewController.swift; sourceTree = "<group>"; };
		48DB2B94220A3C95001016F1 /* MainViewController.swift */ = {isa = PBXFileReference; lastKnownFileType = sourcecode.swift; path = MainViewController.swift; sourceTree = "<group>"; };
		48DB2B96220A4514001016F1 /* AddContactViewController.swift */ = {isa = PBXFileReference; lastKnownFileType = sourcecode.swift; path = AddContactViewController.swift; sourceTree = "<group>"; };
		48DB2B98220A9E19001016F1 /* EditContactViewController.swift */ = {isa = PBXFileReference; lastKnownFileType = sourcecode.swift; path = EditContactViewController.swift; sourceTree = "<group>"; };
/* End PBXFileReference section */

/* Begin PBXFrameworksBuildPhase section */
		48C3581221FFADB300609661 /* Frameworks */ = {
			isa = PBXFrameworksBuildPhase;
			buildActionMask = 2147483647;
			files = (
			);
			runOnlyForDeploymentPostprocessing = 0;
		};
		48C3582621FFADB400609661 /* Frameworks */ = {
			isa = PBXFrameworksBuildPhase;
			buildActionMask = 2147483647;
			files = (
			);
			runOnlyForDeploymentPostprocessing = 0;
		};
		48C3583121FFADB400609661 /* Frameworks */ = {
			isa = PBXFrameworksBuildPhase;
			buildActionMask = 2147483647;
			files = (
			);
			runOnlyForDeploymentPostprocessing = 0;
		};
/* End PBXFrameworksBuildPhase section */

/* Begin PBXGroup section */
		48C3580C21FFADB300609661 = {
			isa = PBXGroup;
			children = (
				48C3581721FFADB300609661 /* lab4 */,
				48C3582C21FFADB400609661 /* lab4Tests */,
				48C3583721FFADB400609661 /* lab4UITests */,
				48C3581621FFADB300609661 /* Products */,
			);
			sourceTree = "<group>";
		};
		48C3581621FFADB300609661 /* Products */ = {
			isa = PBXGroup;
			children = (
				48C3581521FFADB300609661 /* lab4.app */,
				48C3582921FFADB400609661 /* lab4Tests.xctest */,
				48C3583421FFADB400609661 /* lab4UITests.xctest */,
			);
			name = Products;
			sourceTree = "<group>";
		};
		48C3581721FFADB300609661 /* lab4 */ = {
			isa = PBXGroup;
			children = (
				48C3581821FFADB300609661 /* AppDelegate.swift */,
				48C3581A21FFADB300609661 /* EditViewController.swift */,
				48C3581C21FFADB300609661 /* Main.storyboard */,
				48DB2B98220A9E19001016F1 /* EditContactViewController.swift */,
				48DB2B96220A4514001016F1 /* AddContactViewController.swift */,
				48DB2B94220A3C95001016F1 /* MainViewController.swift */,
				48C3585621FFC61D00609661 /* TableViewController.swift */,
				48C3584821FFB72C00609661 /* CustomTVCell.swift */,
				48C3581F21FFADB400609661 /* Assets.xcassets */,
				48C3582121FFADB400609661 /* LaunchScreen.storyboard */,
				48C3584621FFB10C00609661 /* Contact.swift */,
				48C3582421FFADB400609661 /* Info.plist */,
			);
			path = lab4;
			sourceTree = "<group>";
		};
		48C3582C21FFADB400609661 /* lab4Tests */ = {
			isa = PBXGroup;
			children = (
				48C3582D21FFADB400609661 /* lab4Tests.swift */,
				48C3582F21FFADB400609661 /* Info.plist */,
			);
			path = lab4Tests;
			sourceTree = "<group>";
		};
		48C3583721FFADB400609661 /* lab4UITests */ = {
			isa = PBXGroup;
			children = (
				48C3583821FFADB400609661 /* lab4UITests.swift */,
				48C3583A21FFADB400609661 /* Info.plist */,
			);
			path = lab4UITests;
			sourceTree = "<group>";
		};
/* End PBXGroup section */

/* Begin PBXNativeTarget section */
		48C3581421FFADB300609661 /* lab4 */ = {
			isa = PBXNativeTarget;
			buildConfigurationList = 48C3583D21FFADB400609661 /* Build configuration list for PBXNativeTarget "lab4" */;
			buildPhases = (
				48C3581121FFADB300609661 /* Sources */,
				48C3581221FFADB300609661 /* Frameworks */,
				48C3581321FFADB300609661 /* Resources */,
			);
			buildRules = (
			);
			dependencies = (
			);
			name = lab4;
			productName = lab4;
			productReference = 48C3581521FFADB300609661 /* lab4.app */;
			productType = "com.apple.product-type.application";
		};
		48C3582821FFADB400609661 /* lab4Tests */ = {
			isa = PBXNativeTarget;
			buildConfigurationList = 48C3584021FFADB400609661 /* Build configuration list for PBXNativeTarget "lab4Tests" */;
			buildPhases = (
				48C3582521FFADB400609661 /* Sources */,
				48C3582621FFADB400609661 /* Frameworks */,
				48C3582721FFADB400609661 /* Resources */,
			);
			buildRules = (
			);
			dependencies = (
				48C3582B21FFADB400609661 /* PBXTargetDependency */,
			);
			name = lab4Tests;
			productName = lab4Tests;
			productReference = 48C3582921FFADB400609661 /* lab4Tests.xctest */;
			productType = "com.apple.product-type.bundle.unit-test";
		};
		48C3583321FFADB400609661 /* lab4UITests */ = {
			isa = PBXNativeTarget;
			buildConfigurationList = 48C3584321FFADB400609661 /* Build configuration list for PBXNativeTarget "lab4UITests" */;
			buildPhases = (
				48C3583021FFADB400609661 /* Sources */,
				48C3583121FFADB400609661 /* Frameworks */,
				48C3583221FFADB400609661 /* Resources */,
			);
			buildRules = (
			);
			dependencies = (
				48C3583621FFADB400609661 /* PBXTargetDependency */,
			);
			name = lab4UITests;
			productName = lab4UITests;
			productReference = 48C3583421FFADB400609661 /* lab4UITests.xctest */;
			productType = "com.apple.product-type.bundle.ui-testing";
		};
/* End PBXNativeTarget section */

/* Begin PBXProject section */
		48C3580D21FFADB300609661 /* Project object */ = {
			isa = PBXProject;
			attributes = {
				LastSwiftUpdateCheck = 1010;
				LastUpgradeCheck = 1010;
				ORGANIZATIONNAME = "Eric LaBouve";
				TargetAttributes = {
					48C3581421FFADB300609661 = {
						CreatedOnToolsVersion = 10.1;
					};
					48C3582821FFADB400609661 = {
						CreatedOnToolsVersion = 10.1;
						TestTargetID = 48C3581421FFADB300609661;
					};
					48C3583321FFADB400609661 = {
						CreatedOnToolsVersion = 10.1;
						TestTargetID = 48C3581421FFADB300609661;
					};
				};
			};
			buildConfigurationList = 48C3581021FFADB300609661 /* Build configuration list for PBXProject "lab4" */;
			compatibilityVersion = "Xcode 9.3";
			developmentRegion = en;
			hasScannedForEncodings = 0;
			knownRegions = (
				en,
				Base,
			);
			mainGroup = 48C3580C21FFADB300609661;
			productRefGroup = 48C3581621FFADB300609661 /* Products */;
			projectDirPath = "";
			projectRoot = "";
			targets = (
				48C3581421FFADB300609661 /* lab4 */,
				48C3582821FFADB400609661 /* lab4Tests */,
				48C3583321FFADB400609661 /* lab4UITests */,
			);
		};
/* End PBXProject section */

/* Begin PBXResourcesBuildPhase section */
		48C3581321FFADB300609661 /* Resources */ = {
			isa = PBXResourcesBuildPhase;
			buildActionMask = 2147483647;
			files = (
				48C3582321FFADB400609661 /* LaunchScreen.storyboard in Resources */,
				48C3582021FFADB400609661 /* Assets.xcassets in Resources */,
				48C3581E21FFADB300609661 /* Main.storyboard in Resources */,
			);
			runOnlyForDeploymentPostprocessing = 0;
		};
		48C3582721FFADB400609661 /* Resources */ = {
			isa = PBXResourcesBuildPhase;
			buildActionMask = 2147483647;
			files = (
			);
			runOnlyForDeploymentPostprocessing = 0;
		};
		48C3583221FFADB400609661 /* Resources */ = {
			isa = PBXResourcesBuildPhase;
			buildActionMask = 2147483647;
			files = (
			);
			runOnlyForDeploymentPostprocessing = 0;
		};
/* End PBXResourcesBuildPhase section */

/* Begin PBXSourcesBuildPhase section */
		48C3581121FFADB300609661 /* Sources */ = {
			isa = PBXSourcesBuildPhase;
			buildActionMask = 2147483647;
			files = (
				48C3584721FFB10C00609661 /* Contact.swift in Sources */,
				48C3581B21FFADB300609661 /* EditViewController.swift in Sources */,
				48DB2B97220A4514001016F1 /* AddContactViewController.swift in Sources */,
				48DB2B99220A9E19001016F1 /* EditContactViewController.swift in Sources */,
				48C3584921FFB72C00609661 /* CustomTVCell.swift in Sources */,
				48DB2B95220A3C95001016F1 /* MainViewController.swift in Sources */,
				48C3585721FFC61D00609661 /* TableViewController.swift in Sources */,
				48C3581921FFADB300609661 /* AppDelegate.swift in Sources */,
			);
			runOnlyForDeploymentPostprocessing = 0;
		};
		48C3582521FFADB400609661 /* Sources */ = {
			isa = PBXSourcesBuildPhase;
			buildActionMask = 2147483647;
			files = (
				48C3582E21FFADB400609661 /* lab4Tests.swift in Sources */,
			);
			runOnlyForDeploymentPostprocessing = 0;
		};
		48C3583021FFADB400609661 /* Sources */ = {
			isa = PBXSourcesBuildPhase;
			buildActionMask = 2147483647;
			files = (
				48C3583921FFADB400609661 /* lab4UITests.swift in Sources */,
			);
			runOnlyForDeploymentPostprocessing = 0;
		};
/* End PBXSourcesBuildPhase section */

/* Begin PBXTargetDependency section */
		48C3582B21FFADB400609661 /* PBXTargetDependency */ = {
			isa = PBXTargetDependency;
			target = 48C3581421FFADB300609661 /* lab4 */;
			targetProxy = 48C3582A21FFADB400609661 /* PBXContainerItemProxy */;
		};
		48C3583621FFADB400609661 /* PBXTargetDependency */ = {
			isa = PBXTargetDependency;
			target = 48C3581421FFADB300609661 /* lab4 */;
			targetProxy = 48C3583521FFADB400609661 /* PBXContainerItemProxy */;
		};
/* End PBXTargetDependency section */

/* Begin PBXVariantGroup section */
		48C3581C21FFADB300609661 /* Main.storyboard */ = {
			isa = PBXVariantGroup;
			children = (
				48C3581D21FFADB300609661 /* Base */,
			);
			name = Main.storyboard;
			sourceTree = "<group>";
		};
		48C3582121FFADB400609661 /* LaunchScreen.storyboard */ = {
			isa = PBXVariantGroup;
			children = (
				48C3582221FFADB400609661 /* Base */,
			);
			name = LaunchScreen.storyboard;
			sourceTree = "<group>";
		};
/* End PBXVariantGroup section */

/* Begin XCBuildConfiguration section */
		48C3583B21FFADB400609661 /* Debug */ = {
			isa = XCBuildConfiguration;
			buildSettings = {
				ALWAYS_SEARCH_USER_PATHS = NO;
				CLANG_ANALYZER_NONNULL = YES;
				CLANG_ANALYZER_NUMBER_OBJECT_CONVERSION = YES_AGGRESSIVE;
				CLANG_CXX_LANGUAGE_STANDARD = "gnu++14";
				CLANG_CXX_LIBRARY = "libc++";
				CLANG_ENABLE_MODULES = YES;
				CLANG_ENABLE_OBJC_ARC = YES;
				CLANG_ENABLE_OBJC_WEAK = YES;
				CLANG_WARN_BLOCK_CAPTURE_AUTORELEASING = YES;
				CLANG_WARN_BOOL_CONVERSION = YES;
				CLANG_WARN_COMMA = YES;
				CLANG_WARN_CONSTANT_CONVERSION = YES;
				CLANG_WARN_DEPRECATED_OBJC_IMPLEMENTATIONS = YES;
				CLANG_WARN_DIRECT_OBJC_ISA_USAGE = YES_ERROR;
				CLANG_WARN_DOCUMENTATION_COMMENTS = YES;
				CLANG_WARN_EMPTY_BODY = YES;
				CLANG_WARN_ENUM_CONVERSION = YES;
				CLANG_WARN_INFINITE_RECURSION = YES;
				CLANG_WARN_INT_CONVERSION = YES;
				CLANG_WARN_NON_LITERAL_NULL_CONVERSION = YES;
				CLANG_WARN_OBJC_IMPLICIT_RETAIN_SELF = YES;
				CLANG_WARN_OBJC_LITERAL_CONVERSION = YES;
				CLANG_WARN_OBJC_ROOT_CLASS = YES_ERROR;
				CLANG_WARN_RANGE_LOOP_ANALYSIS = YES;
				CLANG_WARN_STRICT_PROTOTYPES = YES;
				CLANG_WARN_SUSPICIOUS_MOVE = YES;
				CLANG_WARN_UNGUARDED_AVAILABILITY = YES_AGGRESSIVE;
				CLANG_WARN_UNREACHABLE_CODE = YES;
				CLANG_WARN__DUPLICATE_METHOD_MATCH = YES;
				CODE_SIGN_IDENTITY = "iPhone Developer";
				COPY_PHASE_STRIP = NO;
				DEBUG_INFORMATION_FORMAT = dwarf;
				ENABLE_STRICT_OBJC_MSGSEND = YES;
				ENABLE_TESTABILITY = YES;
				GCC_C_LANGUAGE_STANDARD = gnu11;
				GCC_DYNAMIC_NO_PIC = NO;
				GCC_NO_COMMON_BLOCKS = YES;
				GCC_OPTIMIZATION_LEVEL = 0;
				GCC_PREPROCESSOR_DEFINITIONS = (
					"DEBUG=1",
					"$(inherited)",
				);
				GCC_WARN_64_TO_32_BIT_CONVERSION = YES;
				GCC_WARN_ABOUT_RETURN_TYPE = YES_ERROR;
				GCC_WARN_UNDECLARED_SELECTOR = YES;
				GCC_WARN_UNINITIALIZED_AUTOS = YES_AGGRESSIVE;
				GCC_WARN_UNUSED_FUNCTION = YES;
				GCC_WARN_UNUSED_VARIABLE = YES;
				IPHONEOS_DEPLOYMENT_TARGET = 12.1;
				MTL_ENABLE_DEBUG_INFO = INCLUDE_SOURCE;
				MTL_FAST_MATH = YES;
				ONLY_ACTIVE_ARCH = YES;
				SDKROOT = iphoneos;
				SWIFT_ACTIVE_COMPILATION_CONDITIONS = DEBUG;
				SWIFT_OPTIMIZATION_LEVEL = "-Onone";
			};
			name = Debug;
		};
		48C3583C21FFADB400609661 /* Release */ = {
			isa = XCBuildConfiguration;
			buildSettings = {
				ALWAYS_SEARCH_USER_PATHS = NO;
				CLANG_ANALYZER_NONNULL = YES;
				CLANG_ANALYZER_NUMBER_OBJECT_CONVERSION = YES_AGGRESSIVE;
				CLANG_CXX_LANGUAGE_STANDARD = "gnu++14";
				CLANG_CXX_LIBRARY = "libc++";
				CLANG_ENABLE_MODULES = YES;
				CLANG_ENABLE_OBJC_ARC = YES;
				CLANG_ENABLE_OBJC_WEAK = YES;
				CLANG_WARN_BLOCK_CAPTURE_AUTORELEASING = YES;
				CLANG_WARN_BOOL_CONVERSION = YES;
				CLANG_WARN_COMMA = YES;
				CLANG_WARN_CONSTANT_CONVERSION = YES;
				CLANG_WARN_DEPRECATED_OBJC_IMPLEMENTATIONS = YES;
				CLANG_WARN_DIRECT_OBJC_ISA_USAGE = YES_ERROR;
				CLANG_WARN_DOCUMENTATION_COMMENTS = YES;
				CLANG_WARN_EMPTY_BODY = YES;
				CLANG_WARN_ENUM_CONVERSION = YES;
				CLANG_WARN_INFINITE_RECURSION = YES;
				CLANG_WARN_INT_CONVERSION = YES;
				CLANG_WARN_NON_LITERAL_NULL_CONVERSION = YES;
				CLANG_WARN_OBJC_IMPLICIT_RETAIN_SELF = YES;
				CLANG_WARN_OBJC_LITERAL_CONVERSION = YES;
				CLANG_WARN_OBJC_ROOT_CLASS = YES_ERROR;
				CLANG_WARN_RANGE_LOOP_ANALYSIS = YES;
				CLANG_WARN_STRICT_PROTOTYPES = YES;
				CLANG_WARN_SUSPICIOUS_MOVE = YES;
				CLANG_WARN_UNGUARDED_AVAILABILITY = YES_AGGRESSIVE;
				CLANG_WARN_UNREACHABLE_CODE = YES;
				CLANG_WARN__DUPLICATE_METHOD_MATCH = YES;
				CODE_SIGN_IDENTITY = "iPhone Developer";
				COPY_PHASE_STRIP = NO;
				DEBUG_INFORMATION_FORMAT = "dwarf-with-dsym";
				ENABLE_NS_ASSERTIONS = NO;
				ENABLE_STRICT_OBJC_MSGSEND = YES;
				GCC_C_LANGUAGE_STANDARD = gnu11;
				GCC_NO_COMMON_BLOCKS = YES;
				GCC_WARN_64_TO_32_BIT_CONVERSION = YES;
				GCC_WARN_ABOUT_RETURN_TYPE = YES_ERROR;
				GCC_WARN_UNDECLARED_SELECTOR = YES;
				GCC_WARN_UNINITIALIZED_AUTOS = YES_AGGRESSIVE;
				GCC_WARN_UNUSED_FUNCTION = YES;
				GCC_WARN_UNUSED_VARIABLE = YES;
				IPHONEOS_DEPLOYMENT_TARGET = 12.1;
				MTL_ENABLE_DEBUG_INFO = NO;
				MTL_FAST_MATH = YES;
				SDKROOT = iphoneos;
				SWIFT_COMPILATION_MODE = wholemodule;
				SWIFT_OPTIMIZATION_LEVEL = "-O";
				VALIDATE_PRODUCT = YES;
			};
			name = Release;
		};
		48C3583E21FFADB400609661 /* Debug */ = {
			isa = XCBuildConfiguration;
			buildSettings = {
				ASSETCATALOG_COMPILER_APPICON_NAME = AppIcon;
				CODE_SIGN_STYLE = Automatic;
				INFOPLIST_FILE = lab4/Info.plist;
				LD_RUNPATH_SEARCH_PATHS = (
					"$(inherited)",
					"@executable_path/Frameworks",
				);
				PRODUCT_BUNDLE_IDENTIFIER = edu.calpoly.elabouve.lab4;
				PRODUCT_NAME = "$(TARGET_NAME)";
				SWIFT_VERSION = 4.2;
				TARGETED_DEVICE_FAMILY = "1,2";
			};
			name = Debug;
		};
		48C3583F21FFADB400609661 /* Release */ = {
			isa = XCBuildConfiguration;
			buildSettings = {
				ASSETCATALOG_COMPILER_APPICON_NAME = AppIcon;
				CODE_SIGN_STYLE = Automatic;
				INFOPLIST_FILE = lab4/Info.plist;
				LD_RUNPATH_SEARCH_PATHS = (
					"$(inherited)",
					"@executable_path/Frameworks",
				);
				PRODUCT_BUNDLE_IDENTIFIER = edu.calpoly.elabouve.lab4;
				PRODUCT_NAME = "$(TARGET_NAME)";
				SWIFT_VERSION = 4.2;
				TARGETED_DEVICE_FAMILY = "1,2";
			};
			name = Release;
		};
		48C3584121FFADB400609661 /* Debug */ = {
			isa = XCBuildConfiguration;
			buildSettings = {
				ALWAYS_EMBED_SWIFT_STANDARD_LIBRARIES = YES;
				BUNDLE_LOADER = "$(TEST_HOST)";
				CODE_SIGN_STYLE = Automatic;
				INFOPLIST_FILE = lab4Tests/Info.plist;
				LD_RUNPATH_SEARCH_PATHS = (
					"$(inherited)",
					"@executable_path/Frameworks",
					"@loader_path/Frameworks",
				);
				PRODUCT_BUNDLE_IDENTIFIER = edu.calpoly.elabouve.lab4Tests;
				PRODUCT_NAME = "$(TARGET_NAME)";
				SWIFT_VERSION = 4.2;
				TARGETED_DEVICE_FAMILY = "1,2";
				TEST_HOST = "$(BUILT_PRODUCTS_DIR)/lab4.app/lab4";
			};
			name = Debug;
		};
		48C3584221FFADB400609661 /* Release */ = {
			isa = XCBuildConfiguration;
			buildSettings = {
				ALWAYS_EMBED_SWIFT_STANDARD_LIBRARIES = YES;
				BUNDLE_LOADER = "$(TEST_HOST)";
				CODE_SIGN_STYLE = Automatic;
				INFOPLIST_FILE = lab4Tests/Info.plist;
				LD_RUNPATH_SEARCH_PATHS = (
					"$(inherited)",
					"@executable_path/Frameworks",
					"@loader_path/Frameworks",
				);
				PRODUCT_BUNDLE_IDENTIFIER = edu.calpoly.elabouve.lab4Tests;
				PRODUCT_NAME = "$(TARGET_NAME)";
				SWIFT_VERSION = 4.2;
				TARGETED_DEVICE_FAMILY = "1,2";
				TEST_HOST = "$(BUILT_PRODUCTS_DIR)/lab4.app/lab4";
			};
			name = Release;
		};
		48C3584421FFADB400609661 /* Debug */ = {
			isa = XCBuildConfiguration;
			buildSettings = {
				ALWAYS_EMBED_SWIFT_STANDARD_LIBRARIES = YES;
				CODE_SIGN_STYLE = Automatic;
				INFOPLIST_FILE = lab4UITests/Info.plist;
				LD_RUNPATH_SEARCH_PATHS = (
					"$(inherited)",
					"@executable_path/Frameworks",
					"@loader_path/Frameworks",
				);
				PRODUCT_BUNDLE_IDENTIFIER = edu.calpoly.elabouve.lab4UITests;
				PRODUCT_NAME = "$(TARGET_NAME)";
				SWIFT_VERSION = 4.2;
				TARGETED_DEVICE_FAMILY = "1,2";
				TEST_TARGET_NAME = lab4;
			};
			name = Debug;
		};
		48C3584521FFADB400609661 /* Release */ = {
			isa = XCBuildConfiguration;
			buildSettings = {
				ALWAYS_EMBED_SWIFT_STANDARD_LIBRARIES = YES;
				CODE_SIGN_STYLE = Automatic;
				INFOPLIST_FILE = lab4UITests/Info.plist;
				LD_RUNPATH_SEARCH_PATHS = (
					"$(inherited)",
					"@executable_path/Frameworks",
					"@loader_path/Frameworks",
				);
				PRODUCT_BUNDLE_IDENTIFIER = edu.calpoly.elabouve.lab4UITests;
				PRODUCT_NAME = "$(TARGET_NAME)";
				SWIFT_VERSION = 4.2;
				TARGETED_DEVICE_FAMILY = "1,2";
				TEST_TARGET_NAME = lab4;
			};
			name = Release;
		};
/* End XCBuildConfiguration section */

/* Begin XCConfigurationList section */
		48C3581021FFADB300609661 /* Build configuration list for PBXProject "lab4" */ = {
			isa = XCConfigurationList;
			buildConfigurations = (
				48C3583B21FFADB400609661 /* Debug */,
				48C3583C21FFADB400609661 /* Release */,
			);
			defaultConfigurationIsVisible = 0;
			defaultConfigurationName = Release;
		};
		48C3583D21FFADB400609661 /* Build configuration list for PBXNativeTarget "lab4" */ = {
			isa = XCConfigurationList;
			buildConfigurations = (
				48C3583E21FFADB400609661 /* Debug */,
				48C3583F21FFADB400609661 /* Release */,
			);
			defaultConfigurationIsVisible = 0;
			defaultConfigurationName = Release;
		};
		48C3584021FFADB400609661 /* Build configuration list for PBXNativeTarget "lab4Tests" */ = {
			isa = XCConfigurationList;
			buildConfigurations = (
				48C3584121FFADB400609661 /* Debug */,
				48C3584221FFADB400609661 /* Release */,
			);
			defaultConfigurationIsVisible = 0;
			defaultConfigurationName = Release;
		};
		48C3584321FFADB400609661 /* Build configuration list for PBXNativeTarget "lab4UITests" */ = {
			isa = XCConfigurationList;
			buildConfigurations = (
				48C3584421FFADB400609661 /* Debug */,
				48C3584521FFADB400609661 /* Release */,
			);
			defaultConfigurationIsVisible = 0;
			defaultConfigurationName = Release;
		};
/* End XCConfigurationList section */
	};
	rootObject = 48C3580D21FFADB300609661 /* Project object */;
}
